
Microsoft Visual Studio Solution File, Format Version 12.00
# Visual Studio Version 17
VisualStudioVersion = 17.13.35931.197 d17.13
MinimumVisualStudioVersion = 10.0.40219.1
Project("{FAE04EC0-301F-11D3-BF4B-00C04F79EFBC}") = "DataStructureAndAlgorithm", "DataStructureAndAlgorithm\DataStructureAndAlgorithm.csproj", "{9533EABC-5525-410B-9BE5-51A1F505BD7B}"
EndProject
Project("{FAE04EC0-301F-11D3-BF4B-00C04F79EFBC}") = "SharedProject", "SharedProject\SharedProject.csproj", "{BCF94758-901F-4D59-8078-5F576DA667E0}"
EndProject
Global
	GlobalSection(SolutionConfigurationPlatforms) = preSolution
		Debug|Any CPU = Debug|Any CPU
		Release|Any CPU = Release|Any CPU
	EndGlobalSection
	GlobalSection(ProjectConfigurationPlatforms) = postSolution
		{9533EABC-5525-410B-9BE5-51A1F505BD7B}.Debug|Any CPU.ActiveCfg = Debug|Any CPU
		{9533EABC-5525-410B-9BE5-51A1F505BD7B}.Debug|Any CPU.Build.0 = Debug|Any CPU
		{9533EABC-5525-410B-9BE5-51A1F505BD7B}.Release|Any CPU.ActiveCfg = Release|Any CPU
		{9533EABC-5525-410B-9BE5-51A1F505BD7B}.Release|Any CPU.Build.0 = Release|Any CPU
		{BCF94758-901F-4D59-8078-5F576DA667E0}.Debug|Any CPU.ActiveCfg = Debug|Any CPU
		{BCF94758-901F-4D59-8078-5F576DA667E0}.Debug|Any CPU.Build.0 = Debug|Any CPU
		{BCF94758-901F-4D59-8078-5F576DA667E0}.Release|Any CPU.ActiveCfg = Release|Any CPU
		{BCF94758-901F-4D59-8078-5F576DA667E0}.Release|Any CPU.Build.0 = Release|Any CPU
	EndGlobalSection
	GlobalSection(SolutionProperties) = preSolution
		HideSolutionNode = FALSE
	EndGlobalSection
	GlobalSection(ExtensibilityGlobals) = postSolution
		SolutionGuid = {AF150B2B-ECE2-4479-8D55-949D548183AF}
	EndGlobalSection
EndGlobal
